
Microsoft Visual Studio Solution File, Format Version 12.00
# Visual Studio Version 17
VisualStudioVersion = 17.11.35208.52
MinimumVisualStudioVersion = 10.0.40219.1
Project("{FAE04EC0-301F-11D3-BF4B-00C04F79EFBC}") = "NicamicsApp", "NicamicsApp\NicamicsApp.csproj", "{655BBA6E-F013-4645-8900-335E600CD6FA}"
EndProject
Global
	GlobalSection(SolutionConfigurationPlatforms) = preSolution
		Debug|Any CPU = Debug|Any CPU
		Release|Any CPU = Release|Any CPU
	EndGlobalSection
	GlobalSection(ProjectConfigurationPlatforms) = postSolution
		{655BBA6E-F013-4645-8900-335E600CD6FA}.Debug|Any CPU.ActiveCfg = Debug|Any CPU
		{655BBA6E-F013-4645-8900-335E600CD6FA}.Debug|Any CPU.Build.0 = Debug|Any CPU
		{655BBA6E-F013-4645-8900-335E600CD6FA}.Debug|Any CPU.Deploy.0 = Debug|Any CPU
		{655BBA6E-F013-4645-8900-335E600CD6FA}.Release|Any CPU.ActiveCfg = Release|Any CPU
		{655BBA6E-F013-4645-8900-335E600CD6FA}.Release|Any CPU.Build.0 = Release|Any CPU
		{655BBA6E-F013-4645-8900-335E600CD6FA}.Release|Any CPU.Deploy.0 = Release|Any CPU
	EndGlobalSection
	GlobalSection(SolutionProperties) = preSolution
		HideSolutionNode = FALSE
	EndGlobalSection
	GlobalSection(ExtensibilityGlobals) = postSolution
		SolutionGuid = {04DE9A02-A41B-4E1D-A459-72A89EB50F8F}
	EndGlobalSection
EndGlobal
